// !$*UTF8*$!
{
	archiveVersion = 1;
	classes = {
	};
	objectVersion = 56;
	objects = {

/* Begin PBXBuildFile section */
		2E54E6522E447FDD00B6AA3F /* Assets.xcassets in Resources */ = {isa = PBXBuildFile; fileRef = 2E54E6512E447FDD00B6AA3F /* Assets.xcassets */; };
		2E54E6552E447FDD00B6AA3F /* Preview Assets.xcassets in Resources */ = {isa = PBXBuildFile; fileRef = 2E54E6542E447FDD00B6AA3F /* Preview Assets.xcassets */; };
		2E54E65F2E447FDD00B6AA3F /* ManagerTests.swift in Sources */ = {isa = PBXBuildFile; fileRef = 2E54E65E2E447FDD00B6AA3F /* ManagerTests.swift */; };
		2E54E6692E447FDD00B6AA3F /* ManagerUITests.swift in Sources */ = {isa = PBXBuildFile; fileRef = 2E54E6682E447FDD00B6AA3F /* ManagerUITests.swift */; };
		2E54E66B2E447FDD00B6AA3F /* ManagerUITestsLaunchTests.swift in Sources */ = {isa = PBXBuildFile; fileRef = 2E54E66A2E447FDD00B6AA3F /* ManagerUITestsLaunchTests.swift */; };
		2E54E6802E44803C00B6AA3F /* ImportView.swift in Sources */ = {isa = PBXBuildFile; fileRef = 2E54E6782E44803C00B6AA3F /* ImportView.swift */; };
		2E54E6822E44803C00B6AA3F /* KeyboardDismissExtension.swift in Sources */ = {isa = PBXBuildFile; fileRef = 2E54E67A2E44803C00B6AA3F /* KeyboardDismissExtension.swift */; };
		2E54E6832E44803C00B6AA3F /* ExportRecord.swift in Sources */ = {isa = PBXBuildFile; fileRef = 2E54E67B2E44803C00B6AA3F /* ExportRecord.swift */; };
		2E54E6842E44803C00B6AA3F /* ExportView.swift in Sources */ = {isa = PBXBuildFile; fileRef = 2E54E67C2E44803C00B6AA3F /* ExportView.swift */; };
		2E54E6852E44803C00B6AA3F /* ContentView.swift in Sources */ = {isa = PBXBuildFile; fileRef = 2E54E67D2E44803C00B6AA3F /* ContentView.swift */; };
		2E54E6872E44803C00B6AA3F /* HistoryView.swift in Sources */ = {isa = PBXBuildFile; fileRef = 2E54E67F2E44803C00B6AA3F /* HistoryView.swift */; };
		2E54E68A2E45B04A00B6AA3F /* ManagerApp.swift in Sources */ = {isa = PBXBuildFile; fileRef = 2E54E6882E45B04A00B6AA3F /* ManagerApp.swift */; };
		2E54E68B2E45B04A00B6AA3F /* ManagerViewModel.swift in Sources */ = {isa = PBXBuildFile; fileRef = 2E54E6892E45B04A00B6AA3F /* ManagerViewModel.swift */; };
/* End PBXBuildFile section */

/* Begin PBXContainerItemProxy section */
		2E54E65B2E447FDD00B6AA3F /* PBXContainerItemProxy */ = {
			isa = PBXContainerItemProxy;
			containerPortal = 2E54E6402E447FDA00B6AA3F /* Project object */;
			proxyType = 1;
			remoteGlobalIDString = 2E54E6472E447FDA00B6AA3F;
			remoteInfo = Manager;
		};
		2E54E6652E447FDD00B6AA3F /* PBXContainerItemProxy */ = {
			isa = PBXContainerItemProxy;
			containerPortal = 2E54E6402E447FDA00B6AA3F /* Project object */;
			proxyType = 1;
			remoteGlobalIDString = 2E54E6472E447FDA00B6AA3F;
			remoteInfo = Manager;
		};
/* End PBXContainerItemProxy section */

/* Begin PBXFileReference section */
		2E54E6482E447FDA00B6AA3F /* Manager.app */ = {isa = PBXFileReference; explicitFileType = wrapper.application; includeInIndex = 0; path = Manager.app; sourceTree = BUILT_PRODUCTS_DIR; };
		2E54E6512E447FDD00B6AA3F /* Assets.xcassets */ = {isa = PBXFileReference; lastKnownFileType = folder.assetcatalog; path = Assets.xcassets; sourceTree = "<group>"; };
		2E54E6542E447FDD00B6AA3F /* Preview Assets.xcassets */ = {isa = PBXFileReference; lastKnownFileType = folder.assetcatalog; path = "Preview Assets.xcassets"; sourceTree = "<group>"; };
		2E54E65A2E447FDD00B6AA3F /* ManagerTests.xctest */ = {isa = PBXFileReference; explicitFileType = wrapper.cfbundle; includeInIndex = 0; path = ManagerTests.xctest; sourceTree = BUILT_PRODUCTS_DIR; };
		2E54E65E2E447FDD00B6AA3F /* ManagerTests.swift */ = {isa = PBXFileReference; lastKnownFileType = sourcecode.swift; path = ManagerTests.swift; sourceTree = "<group>"; };
		2E54E6642E447FDD00B6AA3F /* ManagerUITests.xctest */ = {isa = PBXFileReference; explicitFileType = wrapper.cfbundle; includeInIndex = 0; path = ManagerUITests.xctest; sourceTree = BUILT_PRODUCTS_DIR; };
		2E54E6682E447FDD00B6AA3F /* ManagerUITests.swift */ = {isa = PBXFileReference; lastKnownFileType = sourcecode.swift; path = ManagerUITests.swift; sourceTree = "<group>"; };
		2E54E66A2E447FDD00B6AA3F /* ManagerUITestsLaunchTests.swift */ = {isa = PBXFileReference; lastKnownFileType = sourcecode.swift; path = ManagerUITestsLaunchTests.swift; sourceTree = "<group>"; };
		2E54E6772E44803C00B6AA3F /* Manager-Bridging-Header.h */ = {isa = PBXFileReference; lastKnownFileType = sourcecode.c.h; path = "Manager-Bridging-Header.h"; sourceTree = "<group>"; };
		2E54E6782E44803C00B6AA3F /* ImportView.swift */ = {isa = PBXFileReference; fileEncoding = 4; lastKnownFileType = sourcecode.swift; path = ImportView.swift; sourceTree = "<group>"; };
		2E54E67A2E44803C00B6AA3F /* KeyboardDismissExtension.swift */ = {isa = PBXFileReference; fileEncoding = 4; lastKnownFileType = sourcecode.swift; path = KeyboardDismissExtension.swift; sourceTree = "<group>"; };
		2E54E67B2E44803C00B6AA3F /* ExportRecord.swift */ = {isa = PBXFileReference; fileEncoding = 4; lastKnownFileType = sourcecode.swift; path = ExportRecord.swift; sourceTree = "<group>"; };
		2E54E67C2E44803C00B6AA3F /* ExportView.swift */ = {isa = PBXFileReference; fileEncoding = 4; lastKnownFileType = sourcecode.swift; path = ExportView.swift; sourceTree = "<group>"; };
		2E54E67D2E44803C00B6AA3F /* ContentView.swift */ = {isa = PBXFileReference; fileEncoding = 4; lastKnownFileType = sourcecode.swift; path = ContentView.swift; sourceTree = "<group>"; };
		2E54E67F2E44803C00B6AA3F /* HistoryView.swift */ = {isa = PBXFileReference; fileEncoding = 4; lastKnownFileType = sourcecode.swift; path = HistoryView.swift; sourceTree = "<group>"; };
		2E54E6882E45B04A00B6AA3F /* ManagerApp.swift */ = {isa = PBXFileReference; fileEncoding = 4; lastKnownFileType = sourcecode.swift; path = ManagerApp.swift; sourceTree = "<group>"; };
		2E54E6892E45B04A00B6AA3F /* ManagerViewModel.swift */ = {isa = PBXFileReference; fileEncoding = 4; lastKnownFileType = sourcecode.swift; path = ManagerViewModel.swift; sourceTree = "<group>"; };
/* End PBXFileReference section */

/* Begin PBXFrameworksBuildPhase section */
		2E54E6452E447FDA00B6AA3F /* Frameworks */ = {
			isa = PBXFrameworksBuildPhase;
			buildActionMask = 2147483647;
			files = (
			);
			runOnlyForDeploymentPostprocessing = 0;
		};
		2E54E6572E447FDD00B6AA3F /* Frameworks */ = {
			isa = PBXFrameworksBuildPhase;
			buildActionMask = 2147483647;
			files = (
			);
			runOnlyForDeploymentPostprocessing = 0;
		};
		2E54E6612E447FDD00B6AA3F /* Frameworks */ = {
			isa = PBXFrameworksBuildPhase;
			buildActionMask = 2147483647;
			files = (
			);
			runOnlyForDeploymentPostprocessing = 0;
		};
/* End PBXFrameworksBuildPhase section */

/* Begin PBXGroup section */
		2E54E63F2E447FDA00B6AA3F = {
			isa = PBXGroup;
			children = (
				2E54E64A2E447FDA00B6AA3F /* Manager */,
				2E54E65D2E447FDD00B6AA3F /* ManagerTests */,
				2E54E6672E447FDD00B6AA3F /* ManagerUITests */,
				2E54E6492E447FDA00B6AA3F /* Products */,
				2E54E6772E44803C00B6AA3F /* Manager-Bridging-Header.h */,
			);
			sourceTree = "<group>";
		};
		2E54E6492E447FDA00B6AA3F /* Products */ = {
			isa = PBXGroup;
			children = (
				2E54E6482E447FDA00B6AA3F /* Manager.app */,
				2E54E65A2E447FDD00B6AA3F /* ManagerTests.xctest */,
				2E54E6642E447FDD00B6AA3F /* ManagerUITests.xctest */,
			);
			name = Products;
			sourceTree = "<group>";
		};
		2E54E64A2E447FDA00B6AA3F /* Manager */ = {
			isa = PBXGroup;
			children = (
				2E54E67D2E44803C00B6AA3F /* ContentView.swift */,
				2E54E67B2E44803C00B6AA3F /* ExportRecord.swift */,
				2E54E67C2E44803C00B6AA3F /* ExportView.swift */,
				2E54E67F2E44803C00B6AA3F /* HistoryView.swift */,
				2E54E6782E44803C00B6AA3F /* ImportView.swift */,
				2E54E67A2E44803C00B6AA3F /* KeyboardDismissExtension.swift */,
				2E54E6882E45B04A00B6AA3F /* ManagerApp.swift */,
				2E54E6892E45B04A00B6AA3F /* ManagerViewModel.swift */,
				2E54E6512E447FDD00B6AA3F /* Assets.xcassets */,
				2E54E6532E447FDD00B6AA3F /* Preview Content */,
			);
			path = Manager;
			sourceTree = "<group>";
		};
		2E54E6532E447FDD00B6AA3F /* Preview Content */ = {
			isa = PBXGroup;
			children = (
				2E54E6542E447FDD00B6AA3F /* Preview Assets.xcassets */,
			);
			path = "Preview Content";
			sourceTree = "<group>";
		};
		2E54E65D2E447FDD00B6AA3F /* ManagerTests */ = {
			isa = PBXGroup;
			children = (
				2E54E65E2E447FDD00B6AA3F /* ManagerTests.swift */,
			);
			path = ManagerTests;
			sourceTree = "<group>";
		};
		2E54E6672E447FDD00B6AA3F /* ManagerUITests */ = {
			isa = PBXGroup;
			children = (
				2E54E6682E447FDD00B6AA3F /* ManagerUITests.swift */,
				2E54E66A2E447FDD00B6AA3F /* ManagerUITestsLaunchTests.swift */,
			);
			path = ManagerUITests;
			sourceTree = "<group>";
		};
/* End PBXGroup section */

/* Begin PBXNativeTarget section */
		2E54E6472E447FDA00B6AA3F /* Manager */ = {
			isa = PBXNativeTarget;
			buildConfigurationList = 2E54E66E2E447FDD00B6AA3F /* Build configuration list for PBXNativeTarget "Manager" */;
			buildPhases = (
				2E54E6442E447FDA00B6AA3F /* Sources */,
				2E54E6452E447FDA00B6AA3F /* Frameworks */,
				2E54E6462E447FDA00B6AA3F /* Resources */,
			);
			buildRules = (
			);
			dependencies = (
			);
			name = Manager;
			productName = Manager;
			productReference = 2E54E6482E447FDA00B6AA3F /* Manager.app */;
			productType = "com.apple.product-type.application";
		};
		2E54E6592E447FDD00B6AA3F /* ManagerTests */ = {
			isa = PBXNativeTarget;
			buildConfigurationList = 2E54E6712E447FDD00B6AA3F /* Build configuration list for PBXNativeTarget "ManagerTests" */;
			buildPhases = (
				2E54E6562E447FDD00B6AA3F /* Sources */,
				2E54E6572E447FDD00B6AA3F /* Frameworks */,
				2E54E6582E447FDD00B6AA3F /* Resources */,
			);
			buildRules = (
			);
			dependencies = (
				2E54E65C2E447FDD00B6AA3F /* PBXTargetDependency */,
			);
			name = ManagerTests;
			productName = ManagerTests;
			productReference = 2E54E65A2E447FDD00B6AA3F /* ManagerTests.xctest */;
			productType = "com.apple.product-type.bundle.unit-test";
		};
		2E54E6632E447FDD00B6AA3F /* ManagerUITests */ = {
			isa = PBXNativeTarget;
			buildConfigurationList = 2E54E6742E447FDD00B6AA3F /* Build configuration list for PBXNativeTarget "ManagerUITests" */;
			buildPhases = (
				2E54E6602E447FDD00B6AA3F /* Sources */,
				2E54E6612E447FDD00B6AA3F /* Frameworks */,
				2E54E6622E447FDD00B6AA3F /* Resources */,
			);
			buildRules = (
			);
			dependencies = (
				2E54E6662E447FDD00B6AA3F /* PBXTargetDependency */,
			);
			name = ManagerUITests;
			productName = ManagerUITests;
			productReference = 2E54E6642E447FDD00B6AA3F /* ManagerUITests.xctest */;
			productType = "com.apple.product-type.bundle.ui-testing";
		};
/* End PBXNativeTarget section */

/* Begin PBXProject section */
		2E54E6402E447FDA00B6AA3F /* Project object */ = {
			isa = PBXProject;
			attributes = {
				BuildIndependentTargetsInParallel = 1;
				LastSwiftUpdateCheck = 1520;
				LastUpgradeCheck = 1520;
				TargetAttributes = {
					2E54E6472E447FDA00B6AA3F = {
						CreatedOnToolsVersion = 15.2;
						LastSwiftMigration = 1520;
					};
					2E54E6592E447FDD00B6AA3F = {
						CreatedOnToolsVersion = 15.2;
						TestTargetID = 2E54E6472E447FDA00B6AA3F;
					};
					2E54E6632E447FDD00B6AA3F = {
						CreatedOnToolsVersion = 15.2;
						TestTargetID = 2E54E6472E447FDA00B6AA3F;
					};
				};
			};
			buildConfigurationList = 2E54E6432E447FDA00B6AA3F /* Build configuration list for PBXProject "Manager" */;
			compatibilityVersion = "Xcode 14.0";
			developmentRegion = en;
			hasScannedForEncodings = 0;
			knownRegions = (
				en,
				Base,
			);
			mainGroup = 2E54E63F2E447FDA00B6AA3F;
			productRefGroup = 2E54E6492E447FDA00B6AA3F /* Products */;
			projectDirPath = "";
			projectRoot = "";
			targets = (
				2E54E6472E447FDA00B6AA3F /* Manager */,
				2E54E6592E447FDD00B6AA3F /* ManagerTests */,
				2E54E6632E447FDD00B6AA3F /* ManagerUITests */,
			);
		};
/* End PBXProject section */

/* Begin PBXResourcesBuildPhase section */
		2E54E6462E447FDA00B6AA3F /* Resources */ = {
			isa = PBXResourcesBuildPhase;
			buildActionMask = 2147483647;
			files = (
				2E54E6552E447FDD00B6AA3F /* Preview Assets.xcassets in Resources */,
				2E54E6522E447FDD00B6AA3F /* Assets.xcassets in Resources */,
			);
			runOnlyForDeploymentPostprocessing = 0;
		};
		2E54E6582E447FDD00B6AA3F /* Resources */ = {
			isa = PBXResourcesBuildPhase;
			buildActionMask = 2147483647;
			files = (
			);
			runOnlyForDeploymentPostprocessing = 0;
		};
		2E54E6622E447FDD00B6AA3F /* Resources */ = {
			isa = PBXResourcesBuildPhase;
			buildActionMask = 2147483647;
			files = (
			);
			runOnlyForDeploymentPostprocessing = 0;
		};
/* End PBXResourcesBuildPhase section */

/* Begin PBXSourcesBuildPhase section */
		2E54E6442E447FDA00B6AA3F /* Sources */ = {
			isa = PBXSourcesBuildPhase;
			buildActionMask = 2147483647;
			files = (
				2E54E6802E44803C00B6AA3F /* ImportView.swift in Sources */,
				2E54E68A2E45B04A00B6AA3F /* ManagerApp.swift in Sources */,
				2E54E68B2E45B04A00B6AA3F /* ManagerViewModel.swift in Sources */,
				2E54E6872E44803C00B6AA3F /* HistoryView.swift in Sources */,
				2E54E6822E44803C00B6AA3F /* KeyboardDismissExtension.swift in Sources */,
				2E54E6852E44803C00B6AA3F /* ContentView.swift in Sources */,
				2E54E6832E44803C00B6AA3F /* ExportRecord.swift in Sources */,
				2E54E6842E44803C00B6AA3F /* ExportView.swift in Sources */,
			);
			runOnlyForDeploymentPostprocessing = 0;
		};
		2E54E6562E447FDD00B6AA3F /* Sources */ = {
			isa = PBXSourcesBuildPhase;
			buildActionMask = 2147483647;
			files = (
				2E54E65F2E447FDD00B6AA3F /* ManagerTests.swift in Sources */,
			);
			runOnlyForDeploymentPostprocessing = 0;
		};
		2E54E6602E447FDD00B6AA3F /* Sources */ = {
			isa = PBXSourcesBuildPhase;
			buildActionMask = 2147483647;
			files = (
				2E54E66B2E447FDD00B6AA3F /* ManagerUITestsLaunchTests.swift in Sources */,
				2E54E6692E447FDD00B6AA3F /* ManagerUITests.swift in Sources */,
			);
			runOnlyForDeploymentPostprocessing = 0;
		};
/* End PBXSourcesBuildPhase section */

/* Begin PBXTargetDependency section */
		2E54E65C2E447FDD00B6AA3F /* PBXTargetDependency */ = {
			isa = PBXTargetDependency;
			target = 2E54E6472E447FDA00B6AA3F /* Manager */;
			targetProxy = 2E54E65B2E447FDD00B6AA3F /* PBXContainerItemProxy */;
		};
		2E54E6662E447FDD00B6AA3F /* PBXTargetDependency */ = {
			isa = PBXTargetDependency;
			target = 2E54E6472E447FDA00B6AA3F /* Manager */;
			targetProxy = 2E54E6652E447FDD00B6AA3F /* PBXContainerItemProxy */;
		};
/* End PBXTargetDependency section */

/* Begin XCBuildConfiguration section */
		2E54E66C2E447FDD00B6AA3F /* Debug */ = {
			isa = XCBuildConfiguration;
			buildSettings = {
				ALWAYS_SEARCH_USER_PATHS = NO;
				ASSETCATALOG_COMPILER_GENERATE_SWIFT_ASSET_SYMBOL_EXTENSIONS = YES;
				CLANG_ANALYZER_NONNULL = YES;
				CLANG_ANALYZER_NUMBER_OBJECT_CONVERSION = YES_AGGRESSIVE;
				CLANG_CXX_LANGUAGE_STANDARD = "gnu++20";
				CLANG_ENABLE_MODULES = YES;
				CLANG_ENABLE_OBJC_ARC = YES;
				CLANG_ENABLE_OBJC_WEAK = YES;
				CLANG_WARN_BLOCK_CAPTURE_AUTORELEASING = YES;
				CLANG_WARN_BOOL_CONVERSION = YES;
				CLANG_WARN_COMMA = YES;
				CLANG_WARN_CONSTANT_CONVERSION = YES;
				CLANG_WARN_DEPRECATED_OBJC_IMPLEMENTATIONS = YES;
				CLANG_WARN_DIRECT_OBJC_ISA_USAGE = YES_ERROR;
				CLANG_WARN_DOCUMENTATION_COMMENTS = YES;
				CLANG_WARN_EMPTY_BODY = YES;
				CLANG_WARN_ENUM_CONVERSION = YES;
				CLANG_WARN_INFINITE_RECURSION = YES;
				CLANG_WARN_INT_CONVERSION = YES;
				CLANG_WARN_NON_LITERAL_NULL_CONVERSION = YES;
				CLANG_WARN_OBJC_IMPLICIT_RETAIN_SELF = YES;
				CLANG_WARN_OBJC_LITERAL_CONVERSION = YES;
				CLANG_WARN_OBJC_ROOT_CLASS = YES_ERROR;
				CLANG_WARN_QUOTED_INCLUDE_IN_FRAMEWORK_HEADER = YES;
				CLANG_WARN_RANGE_LOOP_ANALYSIS = YES;
				CLANG_WARN_STRICT_PROTOTYPES = YES;
				CLANG_WARN_SUSPICIOUS_MOVE = YES;
				CLANG_WARN_UNGUARDED_AVAILABILITY = YES_AGGRESSIVE;
				CLANG_WARN_UNREACHABLE_CODE = YES;
				CLANG_WARN__DUPLICATE_METHOD_MATCH = YES;
				COPY_PHASE_STRIP = NO;
				DEBUG_INFORMATION_FORMAT = dwarf;
				ENABLE_STRICT_OBJC_MSGSEND = YES;
				ENABLE_TESTABILITY = YES;
				ENABLE_USER_SCRIPT_SANDBOXING = YES;
				GCC_C_LANGUAGE_STANDARD = gnu17;
				GCC_DYNAMIC_NO_PIC = NO;
				GCC_NO_COMMON_BLOCKS = YES;
				GCC_OPTIMIZATION_LEVEL = 0;
				GCC_PREPROCESSOR_DEFINITIONS = (
					"DEBUG=1",
					"$(inherited)",
				);
				GCC_WARN_64_TO_32_BIT_CONVERSION = YES;
				GCC_WARN_ABOUT_RETURN_TYPE = YES_ERROR;
				GCC_WARN_UNDECLARED_SELECTOR = YES;
				GCC_WARN_UNINITIALIZED_AUTOS = YES_AGGRESSIVE;
				GCC_WARN_UNUSED_FUNCTION = YES;
				GCC_WARN_UNUSED_VARIABLE = YES;
				IPHONEOS_DEPLOYMENT_TARGET = 17.2;
				LOCALIZATION_PREFERS_STRING_CATALOGS = YES;
				MTL_ENABLE_DEBUG_INFO = INCLUDE_SOURCE;
				MTL_FAST_MATH = YES;
				ONLY_ACTIVE_ARCH = YES;
				SDKROOT = iphoneos;
				SWIFT_ACTIVE_COMPILATION_CONDITIONS = "DEBUG $(inherited)";
				SWIFT_OPTIMIZATION_LEVEL = "-Onone";
			};
			name = Debug;
		};
		2E54E66D2E447FDD00B6AA3F /* Release */ = {
			isa = XCBuildConfiguration;
			buildSettings = {
				ALWAYS_SEARCH_USER_PATHS = NO;
				ASSETCATALOG_COMPILER_GENERATE_SWIFT_ASSET_SYMBOL_EXTENSIONS = YES;
				CLANG_ANALYZER_NONNULL = YES;
				CLANG_ANALYZER_NUMBER_OBJECT_CONVERSION = YES_AGGRESSIVE;
				CLANG_CXX_LANGUAGE_STANDARD = "gnu++20";
				CLANG_ENABLE_MODULES = YES;
				CLANG_ENABLE_OBJC_ARC = YES;
				CLANG_ENABLE_OBJC_WEAK = YES;
				CLANG_WARN_BLOCK_CAPTURE_AUTORELEASING = YES;
				CLANG_WARN_BOOL_CONVERSION = YES;
				CLANG_WARN_COMMA = YES;
				CLANG_WARN_CONSTANT_CONVERSION = YES;
				CLANG_WARN_DEPRECATED_OBJC_IMPLEMENTATIONS = YES;
				CLANG_WARN_DIRECT_OBJC_ISA_USAGE = YES_ERROR;
				CLANG_WARN_DOCUMENTATION_COMMENTS = YES;
				CLANG_WARN_EMPTY_BODY = YES;
				CLANG_WARN_ENUM_CONVERSION = YES;
				CLANG_WARN_INFINITE_RECURSION = YES;
				CLANG_WARN_INT_CONVERSION = YES;
				CLANG_WARN_NON_LITERAL_NULL_CONVERSION = YES;
				CLANG_WARN_OBJC_IMPLICIT_RETAIN_SELF = YES;
				CLANG_WARN_OBJC_LITERAL_CONVERSION = YES;
				CLANG_WARN_OBJC_ROOT_CLASS = YES_ERROR;
				CLANG_WARN_QUOTED_INCLUDE_IN_FRAMEWORK_HEADER = YES;
				CLANG_WARN_RANGE_LOOP_ANALYSIS = YES;
				CLANG_WARN_STRICT_PROTOTYPES = YES;
				CLANG_WARN_SUSPICIOUS_MOVE = YES;
				CLANG_WARN_UNGUARDED_AVAILABILITY = YES_AGGRESSIVE;
				CLANG_WARN_UNREACHABLE_CODE = YES;
				CLANG_WARN__DUPLICATE_METHOD_MATCH = YES;
				COPY_PHASE_STRIP = NO;
				DEBUG_INFORMATION_FORMAT = "dwarf-with-dsym";
				ENABLE_NS_ASSERTIONS = NO;
				ENABLE_STRICT_OBJC_MSGSEND = YES;
				ENABLE_USER_SCRIPT_SANDBOXING = YES;
				GCC_C_LANGUAGE_STANDARD = gnu17;
				GCC_NO_COMMON_BLOCKS = YES;
				GCC_WARN_64_TO_32_BIT_CONVERSION = YES;
				GCC_WARN_ABOUT_RETURN_TYPE = YES_ERROR;
				GCC_WARN_UNDECLARED_SELECTOR = YES;
				GCC_WARN_UNINITIALIZED_AUTOS = YES_AGGRESSIVE;
				GCC_WARN_UNUSED_FUNCTION = YES;
				GCC_WARN_UNUSED_VARIABLE = YES;
				IPHONEOS_DEPLOYMENT_TARGET = 17.2;
				LOCALIZATION_PREFERS_STRING_CATALOGS = YES;
				MTL_ENABLE_DEBUG_INFO = NO;
				MTL_FAST_MATH = YES;
				SDKROOT = iphoneos;
				SWIFT_COMPILATION_MODE = wholemodule;
				VALIDATE_PRODUCT = YES;
			};
			name = Release;
		};
		2E54E66F2E447FDD00B6AA3F /* Debug */ = {
			isa = XCBuildConfiguration;
			buildSettings = {
				ASSETCATALOG_COMPILER_APPICON_NAME = AppIcon;
				ASSETCATALOG_COMPILER_GLOBAL_ACCENT_COLOR_NAME = AccentColor;
				CLANG_ENABLE_MODULES = YES;
				CODE_SIGN_STYLE = Automatic;
				CURRENT_PROJECT_VERSION = 1;
				DEVELOPMENT_ASSET_PATHS = "\"Manager/Preview Content\"";
				DEVELOPMENT_TEAM = ZDG3JA6UK8;
				ENABLE_PREVIEWS = YES;
				GENERATE_INFOPLIST_FILE = YES;
				INFOPLIST_KEY_LSApplicationCategoryType = "public.app-category.developer-tools";
				INFOPLIST_KEY_UIApplicationSceneManifest_Generation = YES;
				INFOPLIST_KEY_UIApplicationSupportsIndirectInputEvents = YES;
				INFOPLIST_KEY_UILaunchScreen_Generation = YES;
				INFOPLIST_KEY_UISupportedInterfaceOrientations_iPad = "UIInterfaceOrientationPortrait UIInterfaceOrientationPortraitUpsideDown UIInterfaceOrientationLandscapeLeft UIInterfaceOrientationLandscapeRight";
				INFOPLIST_KEY_UISupportedInterfaceOrientations_iPhone = "UIInterfaceOrientationPortrait UIInterfaceOrientationLandscapeLeft UIInterfaceOrientationLandscapeRight";
				IPHONEOS_DEPLOYMENT_TARGET = 15.5;
				LD_RUNPATH_SEARCH_PATHS = (
					"$(inherited)",
					"@executable_path/Frameworks",
				);
				MARKETING_VERSION = 1.0;
				PRODUCT_BUNDLE_IDENTIFIER = com.QuachSon.Manager;
				PRODUCT_NAME = "$(TARGET_NAME)";
				SWIFT_EMIT_LOC_STRINGS = YES;
				SWIFT_OBJC_BRIDGING_HEADER = "Manager-Bridging-Header.h";
				SWIFT_OPTIMIZATION_LEVEL = "-Onone";
				SWIFT_VERSION = 5.0;
				TARGETED_DEVICE_FAMILY = 1;
			};
			name = Debug;
		};
		2E54E6702E447FDD00B6AA3F /* Release */ = {
			isa = XCBuildConfiguration;
			buildSettings = {
				ASSETCATALOG_COMPILER_APPICON_NAME = AppIcon;
				ASSETCATALOG_COMPILER_GLOBAL_ACCENT_COLOR_NAME = AccentColor;
				CLANG_ENABLE_MODULES = YES;
				CODE_SIGN_STYLE = Automatic;
				CURRENT_PROJECT_VERSION = 1;
				DEVELOPMENT_ASSET_PATHS = "\"Manager/Preview Content\"";
				DEVELOPMENT_TEAM = ZDG3JA6UK8;
				ENABLE_PREVIEWS = YES;
				GENERATE_INFOPLIST_FILE = YES;
				INFOPLIST_KEY_LSApplicationCategoryType = "public.app-category.developer-tools";
				INFOPLIST_KEY_UIApplicationSceneManifest_Generation = YES;
				INFOPLIST_KEY_UIApplicationSupportsIndirectInputEvents = YES;
				INFOPLIST_KEY_UILaunchScreen_Generation = YES;
				INFOPLIST_KEY_UISupportedInterfaceOrientations_iPad = "UIInterfaceOrientationPortrait UIInterfaceOrientationPortraitUpsideDown UIInterfaceOrientationLandscapeLeft UIInterfaceOrientationLandscapeRight";
				INFOPLIST_KEY_UISupportedInterfaceOrientations_iPhone = "UIInterfaceOrientationPortrait UIInterfaceOrientationLandscapeLeft UIInterfaceOrientationLandscapeRight";
				IPHONEOS_DEPLOYMENT_TARGET = 15.5;
				LD_RUNPATH_SEARCH_PATHS = (
					"$(inherited)",
					"@executable_path/Frameworks",
				);
				MARKETING_VERSION = 1.0;
				PRODUCT_BUNDLE_IDENTIFIER = com.QuachSon.Manager;
				PRODUCT_NAME = "$(TARGET_NAME)";
				SWIFT_EMIT_LOC_STRINGS = YES;
				SWIFT_OBJC_BRIDGING_HEADER = "Manager-Bridging-Header.h";
				SWIFT_VERSION = 5.0;
				TARGETED_DEVICE_FAMILY = 1;
			};
			name = Release;
		};
		2E54E6722E447FDD00B6AA3F /* Debug */ = {
			isa = XCBuildConfiguration;
			buildSettings = {
				ALWAYS_EMBED_SWIFT_STANDARD_LIBRARIES = YES;
				BUNDLE_LOADER = "$(TEST_HOST)";
				CODE_SIGN_STYLE = Automatic;
				CURRENT_PROJECT_VERSION = 1;
				DEVELOPMENT_TEAM = ZDG3JA6UK8;
				GENERATE_INFOPLIST_FILE = YES;
				IPHONEOS_DEPLOYMENT_TARGET = 17.2;
				MARKETING_VERSION = 1.0;
				PRODUCT_BUNDLE_IDENTIFIER = com.QuachSon.ManagerTests;
				PRODUCT_NAME = "$(TARGET_NAME)";
				SWIFT_EMIT_LOC_STRINGS = NO;
				SWIFT_VERSION = 5.0;
				TARGETED_DEVICE_FAMILY = "1,2";
				TEST_HOST = "$(BUILT_PRODUCTS_DIR)/Manager.app/$(BUNDLE_EXECUTABLE_FOLDER_PATH)/Manager";
			};
			name = Debug;
		};
		2E54E6732E447FDD00B6AA3F /* Release */ = {
			isa = XCBuildConfiguration;
			buildSettings = {
				ALWAYS_EMBED_SWIFT_STANDARD_LIBRARIES = YES;
				BUNDLE_LOADER = "$(TEST_HOST)";
				CODE_SIGN_STYLE = Automatic;
				CURRENT_PROJECT_VERSION = 1;
				DEVELOPMENT_TEAM = ZDG3JA6UK8;
				GENERATE_INFOPLIST_FILE = YES;
				IPHONEOS_DEPLOYMENT_TARGET = 17.2;
				MARKETING_VERSION = 1.0;
				PRODUCT_BUNDLE_IDENTIFIER = com.QuachSon.ManagerTests;
				PRODUCT_NAME = "$(TARGET_NAME)";
				SWIFT_EMIT_LOC_STRINGS = NO;
				SWIFT_VERSION = 5.0;
				TARGETED_DEVICE_FAMILY = "1,2";
				TEST_HOST = "$(BUILT_PRODUCTS_DIR)/Manager.app/$(BUNDLE_EXECUTABLE_FOLDER_PATH)/Manager";
			};
			name = Release;
		};
		2E54E6752E447FDD00B6AA3F /* Debug */ = {
			isa = XCBuildConfiguration;
			buildSettings = {
				ALWAYS_EMBED_SWIFT_STANDARD_LIBRARIES = YES;
				CODE_SIGN_STYLE = Automatic;
				CURRENT_PROJECT_VERSION = 1;
				DEVELOPMENT_TEAM = ZDG3JA6UK8;
				GENERATE_INFOPLIST_FILE = YES;
				MARKETING_VERSION = 1.0;
				PRODUCT_BUNDLE_IDENTIFIER = com.QuachSon.ManagerUITests;
				PRODUCT_NAME = "$(TARGET_NAME)";
				SWIFT_EMIT_LOC_STRINGS = NO;
				SWIFT_VERSION = 5.0;
				TARGETED_DEVICE_FAMILY = "1,2";
				TEST_TARGET_NAME = Manager;
			};
			name = Debug;
		};
		2E54E6762E447FDD00B6AA3F /* Release */ = {
			isa = XCBuildConfiguration;
			buildSettings = {
				ALWAYS_EMBED_SWIFT_STANDARD_LIBRARIES = YES;
				CODE_SIGN_STYLE = Automatic;
				CURRENT_PROJECT_VERSION = 1;
				DEVELOPMENT_TEAM = ZDG3JA6UK8;
				GENERATE_INFOPLIST_FILE = YES;
				MARKETING_VERSION = 1.0;
				PRODUCT_BUNDLE_IDENTIFIER = com.QuachSon.ManagerUITests;
				PRODUCT_NAME = "$(TARGET_NAME)";
				SWIFT_EMIT_LOC_STRINGS = NO;
				SWIFT_VERSION = 5.0;
				TARGETED_DEVICE_FAMILY = "1,2";
				TEST_TARGET_NAME = Manager;
			};
			name = Release;
		};
/* End XCBuildConfiguration section */

/* Begin XCConfigurationList section */
		2E54E6432E447FDA00B6AA3F /* Build configuration list for PBXProject "Manager" */ = {
			isa = XCConfigurationList;
			buildConfigurations = (
				2E54E66C2E447FDD00B6AA3F /* Debug */,
				2E54E66D2E447FDD00B6AA3F /* Release */,
			);
			defaultConfigurationIsVisible = 0;
			defaultConfigurationName = Release;
		};
		2E54E66E2E447FDD00B6AA3F /* Build configuration list for PBXNativeTarget "Manager" */ = {
			isa = XCConfigurationList;
			buildConfigurations = (
				2E54E66F2E447FDD00B6AA3F /* Debug */,
				2E54E6702E447FDD00B6AA3F /* Release */,
			);
			defaultConfigurationIsVisible = 0;
			defaultConfigurationName = Release;
		};
		2E54E6712E447FDD00B6AA3F /* Build configuration list for PBXNativeTarget "ManagerTests" */ = {
			isa = XCConfigurationList;
			buildConfigurations = (
				2E54E6722E447FDD00B6AA3F /* Debug */,
				2E54E6732E447FDD00B6AA3F /* Release */,
			);
			defaultConfigurationIsVisible = 0;
			defaultConfigurationName = Release;
		};
		2E54E6742E447FDD00B6AA3F /* Build configuration list for PBXNativeTarget "ManagerUITests" */ = {
			isa = XCConfigurationList;
			buildConfigurations = (
				2E54E6752E447FDD00B6AA3F /* Debug */,
				2E54E6762E447FDD00B6AA3F /* Release */,
			);
			defaultConfigurationIsVisible = 0;
			defaultConfigurationName = Release;
		};
/* End XCConfigurationList section */
	};
	rootObject = 2E54E6402E447FDA00B6AA3F /* Project object */;
}
